# This is a Gradle generated file for dependency locking.
# Manual edits can break the build and are not advised.
# This file is expected to be part of source control.
com.github.spotbugs:spotbugs-annotations:4.0.1
com.google.code.findbugs:jsr305:3.0.2
io.projectreactor:reactor-core:3.3.4.RELEASE
org.immutables:value:2.8.3
org.reactivestreams:reactive-streams:1.0.3
org.slf4j:slf4j-api:1.7.30
org.springframework.boot:spring-boot-dependencies:2.2.6.RELEASE
org.springframework:spring-beans:5.2.5.RELEASE
org.springframework:spring-core:5.2.5.RELEASE
org.springframework:spring-jcl:5.2.5.RELEASE
org.springframework:spring-web:5.2.5.RELEASE
org.springframework:spring-webflux:5.2.5.RELEASE
space.npstr:annotations:0.0.2
