# This is a Gradle generated file for dependency locking.
# Manual edits can break the build and are not advised.
# This file is expected to be part of source control.
com.github.spotbugs:spotbugs-annotations:3.1.12
com.google.code.findbugs:jsr305:3.0.2
io.projectreactor:reactor-core:3.2.12.RELEASE
io.undertow:undertow-core:2.0.26.Final
org.immutables:value:2.7.5
org.jboss.logging:jboss-logging:3.4.0.Final
org.jboss.xnio:xnio-api:3.3.8.Final
org.jboss.xnio:xnio-nio:3.3.8.Final
org.reactivestreams:reactive-streams:1.0.3
org.slf4j:slf4j-api:1.7.28
org.springframework.boot:spring-boot-dependencies:2.1.8.RELEASE
org.springframework:spring-beans:5.1.9.RELEASE
org.springframework:spring-core:5.1.9.RELEASE
org.springframework:spring-jcl:5.1.9.RELEASE
org.springframework:spring-web:5.1.9.RELEASE
org.springframework:spring-webflux:5.1.9.RELEASE
space.npstr:annotations:0.0.1
