# This is a Gradle generated file for dependency locking.
# Manual edits can break the build and are not advised.
# This file is expected to be part of source control.
io.projectreactor:reactor-core:3.3.4.RELEASE
io.undertow:undertow-core:2.0.30.Final
org.jboss.logging:jboss-logging:3.4.1.Final
org.jboss.xnio:xnio-api:3.3.8.Final
org.jboss.xnio:xnio-nio:3.3.8.Final
org.reactivestreams:reactive-streams:1.0.3
org.slf4j:slf4j-api:1.7.30
org.springframework.boot:spring-boot-dependencies:2.2.6.RELEASE
org.springframework:spring-beans:5.2.5.RELEASE
org.springframework:spring-core:5.2.5.RELEASE
org.springframework:spring-jcl:5.2.5.RELEASE
org.springframework:spring-web:5.2.5.RELEASE
org.springframework:spring-webflux:5.2.5.RELEASE
