# This is a Gradle generated file for dependency locking.
# Manual edits can break the build and are not advised.
# This file is expected to be part of source control.
backport-util-concurrent:backport-util-concurrent:3.1
classworlds:classworlds:1.1-alpha-2
com.github.ben-manes:gradle-versions-plugin:0.28.0
com.googlecode.javaewah:JavaEWAH:1.1.6
com.jcraft:jsch:0.1.55
com.jcraft:jzlib:1.1.1
com.jfrog.bintray.gradle:gradle-bintray-plugin:1.8.4
com.thoughtworks.xstream:xstream:1.4.10
commons-beanutils:commons-beanutils:1.8.0
commons-codec:commons-codec:1.6
commons-collections:commons-collections:3.2.1
commons-lang:commons-lang:2.4
commons-logging:commons-logging:1.1.1
junit:junit:3.8.1
nekohtml:nekohtml:1.9.6.2
nekohtml:xercesMinimal:1.9.6.2
net.sf.ezmorph:ezmorph:1.0.6
net.sf.json-lib:json-lib:2.3
net.sourceforge.nekohtml:nekohtml:1.9.16
org.ajoberstar.grgit:grgit-core:4.0.1
org.ajoberstar.grgit:grgit-gradle:4.0.1
org.apache.ant:ant-launcher:1.8.0
org.apache.ant:ant:1.8.0
org.apache.httpcomponents:httpclient:4.2.1
org.apache.httpcomponents:httpcore:4.2.1
org.apache.maven.wagon:wagon-file:1.0-beta-6
org.apache.maven.wagon:wagon-http-lightweight:1.0-beta-6
org.apache.maven.wagon:wagon-http-shared:1.0-beta-6
org.apache.maven.wagon:wagon-provider-api:1.0-beta-6
org.apache.maven:maven-ant-tasks:2.1.3
org.apache.maven:maven-artifact-manager:2.2.1
org.apache.maven:maven-artifact:2.2.1
org.apache.maven:maven-error-diagnostics:2.2.1
org.apache.maven:maven-model:2.2.1
org.apache.maven:maven-plugin-registry:2.2.1
org.apache.maven:maven-profile:2.2.1
org.apache.maven:maven-project:2.2.1
org.apache.maven:maven-repository-metadata:2.2.1
org.apache.maven:maven-settings:2.2.1
org.bouncycastle:bcpg-jdk15on:1.64
org.bouncycastle:bcpkix-jdk15on:1.64
org.bouncycastle:bcprov-jdk15on:1.64
org.codehaus.groovy.modules.http-builder:http-builder:0.7.2
org.codehaus.plexus:plexus-container-default:1.0-alpha-9-stable-1
org.codehaus.plexus:plexus-interpolation:1.11
org.codehaus.plexus:plexus-utils:1.5.15
org.eclipse.jgit:org.eclipse.jgit:5.6.0.201912101111-r
org.slf4j:slf4j-api:1.7.2
org.sonarsource.scanner.api:sonar-scanner-api:2.14.0.2002
org.sonarsource.scanner.gradle:sonarqube-gradle-plugin:2.8.0.1969
xerces:xercesImpl:2.9.1
xml-resolver:xml-resolver:1.2
xmlpull:xmlpull:1.1.3.1
xpp3:xpp3_min:1.1.4c
